
Microsoft Visual Studio Solution File, Format Version 12.00
# Visual Studio Version 16
VisualStudioVersion = 16.0.30523.141
MinimumVisualStudioVersion = 10.0.40219.1
Project("{FAE04EC0-301F-11D3-BF4B-00C04F79EFBC}") = "Th3", "Th3.csproj", "{249EFA05-4A2E-4D79-AAFC-7420643EF091}"
EndProject
Global
	GlobalSection(SolutionConfigurationPlatforms) = preSolution
		Debug|Any CPU = Debug|Any CPU
		Release|Any CPU = Release|Any CPU
	EndGlobalSection
	GlobalSection(ProjectConfigurationPlatforms) = postSolution
		{249EFA05-4A2E-4D79-AAFC-7420643EF091}.Debug|Any CPU.ActiveCfg = Debug|Any CPU
		{249EFA05-4A2E-4D79-AAFC-7420643EF091}.Debug|Any CPU.Build.0 = Debug|Any CPU
		{249EFA05-4A2E-4D79-AAFC-7420643EF091}.Release|Any CPU.ActiveCfg = Release|Any CPU
		{249EFA05-4A2E-4D79-AAFC-7420643EF091}.Release|Any CPU.Build.0 = Release|Any CPU
	EndGlobalSection
	GlobalSection(SolutionProperties) = preSolution
		HideSolutionNode = FALSE
	EndGlobalSection
	GlobalSection(ExtensibilityGlobals) = postSolution
		SolutionGuid = {1BEFD664-CA6A-4F4C-89AB-0B633CE4F332}
	EndGlobalSection
EndGlobal
