
Microsoft Visual Studio Solution File, Format Version 12.00
# Visual Studio Version 16
VisualStudioVersion = 16.0.30523.141
MinimumVisualStudioVersion = 10.0.40219.1
Project("{FAE04EC0-301F-11D3-BF4B-00C04F79EFBC}") = "mid assignment", "mid assignment.csproj", "{6951FAFF-2A85-435F-BC94-CFE3E28B2F9B}"
EndProject
Global
	GlobalSection(SolutionConfigurationPlatforms) = preSolution
		Debug|Any CPU = Debug|Any CPU
		Release|Any CPU = Release|Any CPU
	EndGlobalSection
	GlobalSection(ProjectConfigurationPlatforms) = postSolution
		{6951FAFF-2A85-435F-BC94-CFE3E28B2F9B}.Debug|Any CPU.ActiveCfg = Debug|Any CPU
		{6951FAFF-2A85-435F-BC94-CFE3E28B2F9B}.Debug|Any CPU.Build.0 = Debug|Any CPU
		{6951FAFF-2A85-435F-BC94-CFE3E28B2F9B}.Release|Any CPU.ActiveCfg = Release|Any CPU
		{6951FAFF-2A85-435F-BC94-CFE3E28B2F9B}.Release|Any CPU.Build.0 = Release|Any CPU
	EndGlobalSection
	GlobalSection(SolutionProperties) = preSolution
		HideSolutionNode = FALSE
	EndGlobalSection
	GlobalSection(ExtensibilityGlobals) = postSolution
		SolutionGuid = {EC1BE629-03C9-4914-8231-20D69FF0D800}
	EndGlobalSection
EndGlobal
